
Microsoft Visual Studio Solution File, Format Version 12.00
# Visual Studio Version 17
VisualStudioVersion = 17.0.31903.59
MinimumVisualStudioVersion = 10.0.40219.1
Project("{FAE04EC0-301F-11D3-BF4B-00C04F79EFBC}") = "GraphQLApi", "GraphQLApi\GraphQLApi.csproj", "{2EB84459-E6BA-45AD-8DD7-2CBC84E6B3D9}"
EndProject
Global
	GlobalSection(SolutionConfigurationPlatforms) = preSolution
		Debug|Any CPU = Debug|Any CPU
		Release|Any CPU = Release|Any CPU
	EndGlobalSection
	GlobalSection(ProjectConfigurationPlatforms) = postSolution
		{2EB84459-E6BA-45AD-8DD7-2CBC84E6B3D9}.Debug|Any CPU.ActiveCfg = Debug|Any CPU
		{2EB84459-E6BA-45AD-8DD7-2CBC84E6B3D9}.Debug|Any CPU.Build.0 = Debug|Any CPU
		{2EB84459-E6BA-45AD-8DD7-2CBC84E6B3D9}.Release|Any CPU.ActiveCfg = Release|Any CPU
		{2EB84459-E6BA-45AD-8DD7-2CBC84E6B3D9}.Release|Any CPU.Build.0 = Release|Any CPU
	EndGlobalSection
	GlobalSection(SolutionProperties) = preSolution
		HideSolutionNode = FALSE
	EndGlobalSection
	GlobalSection(ExtensibilityGlobals) = postSolution
		SolutionGuid = {A11E1F74-C9CD-434A-BE0B-D2575C44C8D5}
	EndGlobalSection
EndGlobal
